
Microsoft Visual Studio Solution File, Format Version 12.00
# Visual Studio Version 17
VisualStudioVersion = 17.7.34024.191
MinimumVisualStudioVersion = 10.0.40219.1
Project("{FAE04EC0-301F-11D3-BF4B-00C04F79EFBC}") = "Practica1", "Practica1.csproj", "{A3B493A2-CA06-4525-B119-1137438EE2C9}"
EndProject
Global
	GlobalSection(SolutionConfigurationPlatforms) = preSolution
		Debug|Any CPU = Debug|Any CPU
		Release|Any CPU = Release|Any CPU
	EndGlobalSection
	GlobalSection(ProjectConfigurationPlatforms) = postSolution
		{A3B493A2-CA06-4525-B119-1137438EE2C9}.Debug|Any CPU.ActiveCfg = Debug|Any CPU
		{A3B493A2-CA06-4525-B119-1137438EE2C9}.Debug|Any CPU.Build.0 = Debug|Any CPU
		{A3B493A2-CA06-4525-B119-1137438EE2C9}.Release|Any CPU.ActiveCfg = Release|Any CPU
		{A3B493A2-CA06-4525-B119-1137438EE2C9}.Release|Any CPU.Build.0 = Release|Any CPU
	EndGlobalSection
	GlobalSection(SolutionProperties) = preSolution
		HideSolutionNode = FALSE
	EndGlobalSection
	GlobalSection(ExtensibilityGlobals) = postSolution
		SolutionGuid = {127DB870-2CCF-4CBE-89A4-9FF7AFC13513}
	EndGlobalSection
EndGlobal
